// !$*UTF8*$!
{
	archiveVersion = 1;
	classes = {
	};
	objectVersion = 50;
	objects = {

/* Begin PBXBuildFile section */
		6F4D9510069DB0AE328CA930 /* Pods_Weather_App.framework in Frameworks */ = {isa = PBXBuildFile; fileRef = 6B397B036FBB4DF512B83515 /* Pods_Weather_App.framework */; };
		D01E9B0326DA7D0100533402 /* CurrentWeatherModel.swift in Sources */ = {isa = PBXBuildFile; fileRef = D01E9B0226DA7D0100533402 /* CurrentWeatherModel.swift */; };
		D01E9B0526DA7DEC00533402 /* DailyWeatherModel.swift in Sources */ = {isa = PBXBuildFile; fileRef = D01E9B0426DA7DEC00533402 /* DailyWeatherModel.swift */; };
		D01E9B0726DA7E0100533402 /* DailyWeatherManager.swift in Sources */ = {isa = PBXBuildFile; fileRef = D01E9B0626DA7E0100533402 /* DailyWeatherManager.swift */; };
		D0AD774F26D64AF300B5A110 /* AppDelegate.swift in Sources */ = {isa = PBXBuildFile; fileRef = D0AD774E26D64AF300B5A110 /* AppDelegate.swift */; };
		D0AD775126D64AF300B5A110 /* SceneDelegate.swift in Sources */ = {isa = PBXBuildFile; fileRef = D0AD775026D64AF300B5A110 /* SceneDelegate.swift */; };
		D0AD775626D64AF300B5A110 /* Main.storyboard in Resources */ = {isa = PBXBuildFile; fileRef = D0AD775426D64AF300B5A110 /* Main.storyboard */; };
		D0AD775826D64B0C00B5A110 /* Assets.xcassets in Resources */ = {isa = PBXBuildFile; fileRef = D0AD775726D64B0C00B5A110 /* Assets.xcassets */; };
		D0AD775B26D64B0C00B5A110 /* LaunchScreen.storyboard in Resources */ = {isa = PBXBuildFile; fileRef = D0AD775926D64B0C00B5A110 /* LaunchScreen.storyboard */; };
		D0AD776626D66DC500B5A110 /* NetworkManager.swift in Sources */ = {isa = PBXBuildFile; fileRef = D0AD776526D66DC500B5A110 /* NetworkManager.swift */; };
		D0AD776C26D66E1900B5A110 /* UITableView + Extension.swift in Sources */ = {isa = PBXBuildFile; fileRef = D0AD776826D66E1600B5A110 /* UITableView + Extension.swift */; };
		D0AD776D26D66E1900B5A110 /* UICollectionViewCell + Extension.swift in Sources */ = {isa = PBXBuildFile; fileRef = D0AD776926D66E1700B5A110 /* UICollectionViewCell + Extension.swift */; };
		D0AD776E26D66E1900B5A110 /* UITableViewCell + Extension.swift in Sources */ = {isa = PBXBuildFile; fileRef = D0AD776A26D66E1900B5A110 /* UITableViewCell + Extension.swift */; };
		D0AD776F26D66E1900B5A110 /* UICollectionView + Extension.swift in Sources */ = {isa = PBXBuildFile; fileRef = D0AD776B26D66E1900B5A110 /* UICollectionView + Extension.swift */; };
		D0AD777226D66F4E00B5A110 /* CurrentWeatherManager.swift in Sources */ = {isa = PBXBuildFile; fileRef = D0AD777126D66F4E00B5A110 /* CurrentWeatherManager.swift */; };
		D0AD778026D673CA00B5A110 /* CurrentWeather.storyboard in Resources */ = {isa = PBXBuildFile; fileRef = D0AD777F26D673CA00B5A110 /* CurrentWeather.storyboard */; };
		D0AD778226D6741E00B5A110 /* CurrentWeather.swift in Sources */ = {isa = PBXBuildFile; fileRef = D0AD778126D6741E00B5A110 /* CurrentWeather.swift */; };
		D0AD778426D67B4800B5A110 /* DailyWeather.storyboard in Resources */ = {isa = PBXBuildFile; fileRef = D0AD778326D67B4700B5A110 /* DailyWeather.storyboard */; };
		D0AD778626D67B9C00B5A110 /* DailyWeather.swift in Sources */ = {isa = PBXBuildFile; fileRef = D0AD778526D67B9C00B5A110 /* DailyWeather.swift */; };
		D0AD778826D6957B00B5A110 /* CurrentWeatherViewModel.swift in Sources */ = {isa = PBXBuildFile; fileRef = D0AD778726D6957A00B5A110 /* CurrentWeatherViewModel.swift */; };
/* End PBXBuildFile section */

/* Begin PBXFileReference section */
		3CBAD5472B23139EC0338247 /* Pods-Weather_App.debug.xcconfig */ = {isa = PBXFileReference; includeInIndex = 1; lastKnownFileType = text.xcconfig; name = "Pods-Weather_App.debug.xcconfig"; path = "Target Support Files/Pods-Weather_App/Pods-Weather_App.debug.xcconfig"; sourceTree = "<group>"; };
		6B397B036FBB4DF512B83515 /* Pods_Weather_App.framework */ = {isa = PBXFileReference; explicitFileType = wrapper.framework; includeInIndex = 0; path = Pods_Weather_App.framework; sourceTree = BUILT_PRODUCTS_DIR; };
		C9AACB93B9BA880C72EAFDC1 /* Pods-Weather_App.release.xcconfig */ = {isa = PBXFileReference; includeInIndex = 1; lastKnownFileType = text.xcconfig; name = "Pods-Weather_App.release.xcconfig"; path = "Target Support Files/Pods-Weather_App/Pods-Weather_App.release.xcconfig"; sourceTree = "<group>"; };
		D01E9B0226DA7D0100533402 /* CurrentWeatherModel.swift */ = {isa = PBXFileReference; lastKnownFileType = sourcecode.swift; path = CurrentWeatherModel.swift; sourceTree = "<group>"; };
		D01E9B0426DA7DEC00533402 /* DailyWeatherModel.swift */ = {isa = PBXFileReference; lastKnownFileType = sourcecode.swift; path = DailyWeatherModel.swift; sourceTree = "<group>"; };
		D01E9B0626DA7E0100533402 /* DailyWeatherManager.swift */ = {isa = PBXFileReference; lastKnownFileType = sourcecode.swift; path = DailyWeatherManager.swift; sourceTree = "<group>"; };
		D0AD774B26D64AF300B5A110 /* Weather_App.app */ = {isa = PBXFileReference; explicitFileType = wrapper.application; includeInIndex = 0; path = Weather_App.app; sourceTree = BUILT_PRODUCTS_DIR; };
		D0AD774E26D64AF300B5A110 /* AppDelegate.swift */ = {isa = PBXFileReference; lastKnownFileType = sourcecode.swift; path = AppDelegate.swift; sourceTree = "<group>"; };
		D0AD775026D64AF300B5A110 /* SceneDelegate.swift */ = {isa = PBXFileReference; lastKnownFileType = sourcecode.swift; path = SceneDelegate.swift; sourceTree = "<group>"; };
		D0AD775526D64AF300B5A110 /* Base */ = {isa = PBXFileReference; lastKnownFileType = file.storyboard; name = Base; path = Base.lproj/Main.storyboard; sourceTree = "<group>"; };
		D0AD775726D64B0C00B5A110 /* Assets.xcassets */ = {isa = PBXFileReference; lastKnownFileType = folder.assetcatalog; path = Assets.xcassets; sourceTree = "<group>"; };
		D0AD775A26D64B0C00B5A110 /* Base */ = {isa = PBXFileReference; lastKnownFileType = file.storyboard; name = Base; path = Base.lproj/LaunchScreen.storyboard; sourceTree = "<group>"; };
		D0AD775C26D64B0C00B5A110 /* Info.plist */ = {isa = PBXFileReference; lastKnownFileType = text.plist.xml; path = Info.plist; sourceTree = "<group>"; };
		D0AD776526D66DC500B5A110 /* NetworkManager.swift */ = {isa = PBXFileReference; lastKnownFileType = sourcecode.swift; path = NetworkManager.swift; sourceTree = "<group>"; };
		D0AD776826D66E1600B5A110 /* UITableView + Extension.swift */ = {isa = PBXFileReference; fileEncoding = 4; lastKnownFileType = sourcecode.swift; path = "UITableView + Extension.swift"; sourceTree = "<group>"; };
		D0AD776926D66E1700B5A110 /* UICollectionViewCell + Extension.swift */ = {isa = PBXFileReference; fileEncoding = 4; lastKnownFileType = sourcecode.swift; path = "UICollectionViewCell + Extension.swift"; sourceTree = "<group>"; };
		D0AD776A26D66E1900B5A110 /* UITableViewCell + Extension.swift */ = {isa = PBXFileReference; fileEncoding = 4; lastKnownFileType = sourcecode.swift; path = "UITableViewCell + Extension.swift"; sourceTree = "<group>"; };
		D0AD776B26D66E1900B5A110 /* UICollectionView + Extension.swift */ = {isa = PBXFileReference; fileEncoding = 4; lastKnownFileType = sourcecode.swift; path = "UICollectionView + Extension.swift"; sourceTree = "<group>"; };
		D0AD777126D66F4E00B5A110 /* CurrentWeatherManager.swift */ = {isa = PBXFileReference; lastKnownFileType = sourcecode.swift; path = CurrentWeatherManager.swift; sourceTree = "<group>"; };
		D0AD777F26D673CA00B5A110 /* CurrentWeather.storyboard */ = {isa = PBXFileReference; lastKnownFileType = file.storyboard; path = CurrentWeather.storyboard; sourceTree = "<group>"; };
		D0AD778126D6741E00B5A110 /* CurrentWeather.swift */ = {isa = PBXFileReference; lastKnownFileType = sourcecode.swift; path = CurrentWeather.swift; sourceTree = "<group>"; };
		D0AD778326D67B4700B5A110 /* DailyWeather.storyboard */ = {isa = PBXFileReference; lastKnownFileType = file.storyboard; path = DailyWeather.storyboard; sourceTree = "<group>"; };
		D0AD778526D67B9C00B5A110 /* DailyWeather.swift */ = {isa = PBXFileReference; lastKnownFileType = sourcecode.swift; path = DailyWeather.swift; sourceTree = "<group>"; };
		D0AD778726D6957A00B5A110 /* CurrentWeatherViewModel.swift */ = {isa = PBXFileReference; lastKnownFileType = sourcecode.swift; path = CurrentWeatherViewModel.swift; sourceTree = "<group>"; };
/* End PBXFileReference section */

/* Begin PBXFrameworksBuildPhase section */
		D0AD774826D64AF300B5A110 /* Frameworks */ = {
			isa = PBXFrameworksBuildPhase;
			buildActionMask = 2147483647;
			files = (
				6F4D9510069DB0AE328CA930 /* Pods_Weather_App.framework in Frameworks */,
			);
			runOnlyForDeploymentPostprocessing = 0;
		};
/* End PBXFrameworksBuildPhase section */

/* Begin PBXGroup section */
		120629942995A9DC74F354B6 /* Pods */ = {
			isa = PBXGroup;
			children = (
				3CBAD5472B23139EC0338247 /* Pods-Weather_App.debug.xcconfig */,
				C9AACB93B9BA880C72EAFDC1 /* Pods-Weather_App.release.xcconfig */,
			);
			name = Pods;
			path = Pods;
			sourceTree = "<group>";
		};
		D0AD774226D64AF200B5A110 = {
			isa = PBXGroup;
			children = (
				D0AD774D26D64AF300B5A110 /* Weather_App */,
				D0AD774C26D64AF300B5A110 /* Products */,
				120629942995A9DC74F354B6 /* Pods */,
				D682CDAF6E727FEF3AFCDC97 /* Frameworks */,
			);
			sourceTree = "<group>";
		};
		D0AD774C26D64AF300B5A110 /* Products */ = {
			isa = PBXGroup;
			children = (
				D0AD774B26D64AF300B5A110 /* Weather_App.app */,
			);
			name = Products;
			sourceTree = "<group>";
		};
		D0AD774D26D64AF300B5A110 /* Weather_App */ = {
			isa = PBXGroup;
			children = (
				D0AD776226D66CE000B5A110 /* App */,
				D0AD776326D66D2F00B5A110 /* Infrastructure */,
				D0AD777026D66E5800B5A110 /* APIManager */,
				D0AD777326D66FAC00B5A110 /* Model */,
				D0AD777826D6704600B5A110 /* Presentation */,
				D0AD777426D66FE600B5A110 /* Resources */,
				D0AD775926D64B0C00B5A110 /* LaunchScreen.storyboard */,
				D0AD775C26D64B0C00B5A110 /* Info.plist */,
			);
			path = Weather_App;
			sourceTree = "<group>";
		};
		D0AD776226D66CE000B5A110 /* App */ = {
			isa = PBXGroup;
			children = (
				D0AD774E26D64AF300B5A110 /* AppDelegate.swift */,
				D0AD775026D64AF300B5A110 /* SceneDelegate.swift */,
			);
			path = App;
			sourceTree = "<group>";
		};
		D0AD776326D66D2F00B5A110 /* Infrastructure */ = {
			isa = PBXGroup;
			children = (
				D0AD776726D66DFC00B5A110 /* Extensions */,
				D0AD776426D66D8D00B5A110 /* Networking */,
			);
			path = Infrastructure;
			sourceTree = "<group>";
		};
		D0AD776426D66D8D00B5A110 /* Networking */ = {
			isa = PBXGroup;
			children = (
				D0AD776526D66DC500B5A110 /* NetworkManager.swift */,
			);
			path = Networking;
			sourceTree = "<group>";
		};
		D0AD776726D66DFC00B5A110 /* Extensions */ = {
			isa = PBXGroup;
			children = (
				D0AD776B26D66E1900B5A110 /* UICollectionView + Extension.swift */,
				D0AD776926D66E1700B5A110 /* UICollectionViewCell + Extension.swift */,
				D0AD776826D66E1600B5A110 /* UITableView + Extension.swift */,
				D0AD776A26D66E1900B5A110 /* UITableViewCell + Extension.swift */,
			);
			path = Extensions;
			sourceTree = "<group>";
		};
		D0AD777026D66E5800B5A110 /* APIManager */ = {
			isa = PBXGroup;
			children = (
				D0AD777126D66F4E00B5A110 /* CurrentWeatherManager.swift */,
				D01E9B0626DA7E0100533402 /* DailyWeatherManager.swift */,
			);
			path = APIManager;
			sourceTree = "<group>";
		};
		D0AD777326D66FAC00B5A110 /* Model */ = {
			isa = PBXGroup;
			children = (
				D01E9B0226DA7D0100533402 /* CurrentWeatherModel.swift */,
				D01E9B0426DA7DEC00533402 /* DailyWeatherModel.swift */,
			);
			path = Model;
			sourceTree = "<group>";
		};
		D0AD777426D66FE600B5A110 /* Resources */ = {
			isa = PBXGroup;
			children = (
				D0AD775726D64B0C00B5A110 /* Assets.xcassets */,
			);
			path = Resources;
			sourceTree = "<group>";
		};
		D0AD777526D66FF700B5A110 /* View */ = {
			isa = PBXGroup;
			children = (
				D0AD775426D64AF300B5A110 /* Main.storyboard */,
			);
			path = View;
			sourceTree = "<group>";
		};
		D0AD777626D6702D00B5A110 /* Main */ = {
			isa = PBXGroup;
			children = (
				D0AD777526D66FF700B5A110 /* View */,
			);
			path = Main;
			sourceTree = "<group>";
		};
		D0AD777726D6703F00B5A110 /* Scenes */ = {
			isa = PBXGroup;
			children = (
				D0AD777626D6702D00B5A110 /* Main */,
				D0AD777926D6733B00B5A110 /* CurrentWeather */,
				D0AD777A26D6735D00B5A110 /* DailyWeather */,
			);
			path = Scenes;
			sourceTree = "<group>";
		};
		D0AD777826D6704600B5A110 /* Presentation */ = {
			isa = PBXGroup;
			children = (
				D0AD777726D6703F00B5A110 /* Scenes */,
			);
			path = Presentation;
			sourceTree = "<group>";
		};
		D0AD777926D6733B00B5A110 /* CurrentWeather */ = {
			isa = PBXGroup;
			children = (
				D0AD777B26D6737E00B5A110 /* View */,
				D0AD777C26D6738500B5A110 /* ViewModel */,
			);
			path = CurrentWeather;
			sourceTree = "<group>";
		};
		D0AD777A26D6735D00B5A110 /* DailyWeather */ = {
			isa = PBXGroup;
			children = (
				D0AD777E26D6739400B5A110 /* View */,
				D0AD777D26D6738F00B5A110 /* ViewModel */,
			);
			path = DailyWeather;
			sourceTree = "<group>";
		};
		D0AD777B26D6737E00B5A110 /* View */ = {
			isa = PBXGroup;
			children = (
				D0AD777F26D673CA00B5A110 /* CurrentWeather.storyboard */,
				D0AD778126D6741E00B5A110 /* CurrentWeather.swift */,
			);
			path = View;
			sourceTree = "<group>";
		};
		D0AD777C26D6738500B5A110 /* ViewModel */ = {
			isa = PBXGroup;
			children = (
				D0AD778726D6957A00B5A110 /* CurrentWeatherViewModel.swift */,
			);
			path = ViewModel;
			sourceTree = "<group>";
		};
		D0AD777D26D6738F00B5A110 /* ViewModel */ = {
			isa = PBXGroup;
			children = (
			);
			path = ViewModel;
			sourceTree = "<group>";
		};
		D0AD777E26D6739400B5A110 /* View */ = {
			isa = PBXGroup;
			children = (
				D0AD778326D67B4700B5A110 /* DailyWeather.storyboard */,
				D0AD778526D67B9C00B5A110 /* DailyWeather.swift */,
			);
			path = View;
			sourceTree = "<group>";
		};
		D682CDAF6E727FEF3AFCDC97 /* Frameworks */ = {
			isa = PBXGroup;
			children = (
				6B397B036FBB4DF512B83515 /* Pods_Weather_App.framework */,
			);
			name = Frameworks;
			sourceTree = "<group>";
		};
/* End PBXGroup section */

/* Begin PBXNativeTarget section */
		D0AD774A26D64AF300B5A110 /* Weather_App */ = {
			isa = PBXNativeTarget;
			buildConfigurationList = D0AD775F26D64B0C00B5A110 /* Build configuration list for PBXNativeTarget "Weather_App" */;
			buildPhases = (
				A2AF9BEE84B42D640655F148 /* [CP] Check Pods Manifest.lock */,
				D0AD774726D64AF300B5A110 /* Sources */,
				D0AD774826D64AF300B5A110 /* Frameworks */,
				D0AD774926D64AF300B5A110 /* Resources */,
				EA4542846993ED0F21F7D14D /* [CP] Embed Pods Frameworks */,
			);
			buildRules = (
			);
			dependencies = (
			);
			name = Weather_App;
			productName = Weather_App;
			productReference = D0AD774B26D64AF300B5A110 /* Weather_App.app */;
			productType = "com.apple.product-type.application";
		};
/* End PBXNativeTarget section */

/* Begin PBXProject section */
		D0AD774326D64AF200B5A110 /* Project object */ = {
			isa = PBXProject;
			attributes = {
				LastSwiftUpdateCheck = 1250;
				LastUpgradeCheck = 1250;
				TargetAttributes = {
					D0AD774A26D64AF300B5A110 = {
						CreatedOnToolsVersion = 12.5.1;
					};
				};
			};
			buildConfigurationList = D0AD774626D64AF200B5A110 /* Build configuration list for PBXProject "Weather_App" */;
			compatibilityVersion = "Xcode 9.3";
			developmentRegion = en;
			hasScannedForEncodings = 0;
			knownRegions = (
				en,
				Base,
			);
			mainGroup = D0AD774226D64AF200B5A110;
			productRefGroup = D0AD774C26D64AF300B5A110 /* Products */;
			projectDirPath = "";
			projectRoot = "";
			targets = (
				D0AD774A26D64AF300B5A110 /* Weather_App */,
			);
		};
/* End PBXProject section */

/* Begin PBXResourcesBuildPhase section */
		D0AD774926D64AF300B5A110 /* Resources */ = {
			isa = PBXResourcesBuildPhase;
			buildActionMask = 2147483647;
			files = (
				D0AD778426D67B4800B5A110 /* DailyWeather.storyboard in Resources */,
				D0AD775B26D64B0C00B5A110 /* LaunchScreen.storyboard in Resources */,
				D0AD775826D64B0C00B5A110 /* Assets.xcassets in Resources */,
				D0AD775626D64AF300B5A110 /* Main.storyboard in Resources */,
				D0AD778026D673CA00B5A110 /* CurrentWeather.storyboard in Resources */,
			);
			runOnlyForDeploymentPostprocessing = 0;
		};
/* End PBXResourcesBuildPhase section */

/* Begin PBXShellScriptBuildPhase section */
		A2AF9BEE84B42D640655F148 /* [CP] Check Pods Manifest.lock */ = {
			isa = PBXShellScriptBuildPhase;
			buildActionMask = 2147483647;
			files = (
			);
			inputFileListPaths = (
			);
			inputPaths = (
				"${PODS_PODFILE_DIR_PATH}/Podfile.lock",
				"${PODS_ROOT}/Manifest.lock",
			);
			name = "[CP] Check Pods Manifest.lock";
			outputFileListPaths = (
			);
			outputPaths = (
				"$(DERIVED_FILE_DIR)/Pods-Weather_App-checkManifestLockResult.txt",
			);
			runOnlyForDeploymentPostprocessing = 0;
			shellPath = /bin/sh;
			shellScript = "diff \"${PODS_PODFILE_DIR_PATH}/Podfile.lock\" \"${PODS_ROOT}/Manifest.lock\" > /dev/null\nif [ $? != 0 ] ; then\n    # print error to STDERR\n    echo \"error: The sandbox is not in sync with the Podfile.lock. Run 'pod install' or update your CocoaPods installation.\" >&2\n    exit 1\nfi\n# This output is used by Xcode 'outputs' to avoid re-running this script phase.\necho \"SUCCESS\" > \"${SCRIPT_OUTPUT_FILE_0}\"\n";
			showEnvVarsInLog = 0;
		};
		EA4542846993ED0F21F7D14D /* [CP] Embed Pods Frameworks */ = {
			isa = PBXShellScriptBuildPhase;
			buildActionMask = 2147483647;
			files = (
			);
			inputFileListPaths = (
				"${PODS_ROOT}/Target Support Files/Pods-Weather_App/Pods-Weather_App-frameworks-${CONFIGURATION}-input-files.xcfilelist",
			);
			name = "[CP] Embed Pods Frameworks";
			outputFileListPaths = (
				"${PODS_ROOT}/Target Support Files/Pods-Weather_App/Pods-Weather_App-frameworks-${CONFIGURATION}-output-files.xcfilelist",
			);
			runOnlyForDeploymentPostprocessing = 0;
			shellPath = /bin/sh;
			shellScript = "\"${PODS_ROOT}/Target Support Files/Pods-Weather_App/Pods-Weather_App-frameworks.sh\"\n";
			showEnvVarsInLog = 0;
		};
/* End PBXShellScriptBuildPhase section */

/* Begin PBXSourcesBuildPhase section */
		D0AD774726D64AF300B5A110 /* Sources */ = {
			isa = PBXSourcesBuildPhase;
			buildActionMask = 2147483647;
			files = (
				D0AD778626D67B9C00B5A110 /* DailyWeather.swift in Sources */,
				D0AD776D26D66E1900B5A110 /* UICollectionViewCell + Extension.swift in Sources */,
				D0AD776E26D66E1900B5A110 /* UITableViewCell + Extension.swift in Sources */,
				D0AD776F26D66E1900B5A110 /* UICollectionView + Extension.swift in Sources */,
				D0AD776626D66DC500B5A110 /* NetworkManager.swift in Sources */,
				D0AD778226D6741E00B5A110 /* CurrentWeather.swift in Sources */,
				D0AD774F26D64AF300B5A110 /* AppDelegate.swift in Sources */,
				D0AD777226D66F4E00B5A110 /* CurrentWeatherManager.swift in Sources */,
				D01E9B0726DA7E0100533402 /* DailyWeatherManager.swift in Sources */,
				D01E9B0526DA7DEC00533402 /* DailyWeatherModel.swift in Sources */,
				D01E9B0326DA7D0100533402 /* CurrentWeatherModel.swift in Sources */,
				D0AD776C26D66E1900B5A110 /* UITableView + Extension.swift in Sources */,
				D0AD775126D64AF300B5A110 /* SceneDelegate.swift in Sources */,
				D0AD778826D6957B00B5A110 /* CurrentWeatherViewModel.swift in Sources */,
			);
			runOnlyForDeploymentPostprocessing = 0;
		};
/* End PBXSourcesBuildPhase section */

/* Begin PBXVariantGroup section */
		D0AD775426D64AF300B5A110 /* Main.storyboard */ = {
			isa = PBXVariantGroup;
			children = (
				D0AD775526D64AF300B5A110 /* Base */,
			);
			name = Main.storyboard;
			sourceTree = "<group>";
		};
		D0AD775926D64B0C00B5A110 /* LaunchScreen.storyboard */ = {
			isa = PBXVariantGroup;
			children = (
				D0AD775A26D64B0C00B5A110 /* Base */,
			);
			name = LaunchScreen.storyboard;
			sourceTree = "<group>";
		};
/* End PBXVariantGroup section */

/* Begin XCBuildConfiguration section */
		D0AD775D26D64B0C00B5A110 /* Debug */ = {
			isa = XCBuildConfiguration;
			buildSettings = {
				ALWAYS_SEARCH_USER_PATHS = NO;
				CLANG_ANALYZER_NONNULL = YES;
				CLANG_ANALYZER_NUMBER_OBJECT_CONVERSION = YES_AGGRESSIVE;
				CLANG_CXX_LANGUAGE_STANDARD = "gnu++14";
				CLANG_CXX_LIBRARY = "libc++";
				CLANG_ENABLE_MODULES = YES;
				CLANG_ENABLE_OBJC_ARC = YES;
				CLANG_ENABLE_OBJC_WEAK = YES;
				CLANG_WARN_BLOCK_CAPTURE_AUTORELEASING = YES;
				CLANG_WARN_BOOL_CONVERSION = YES;
				CLANG_WARN_COMMA = YES;
				CLANG_WARN_CONSTANT_CONVERSION = YES;
				CLANG_WARN_DEPRECATED_OBJC_IMPLEMENTATIONS = YES;
				CLANG_WARN_DIRECT_OBJC_ISA_USAGE = YES_ERROR;
				CLANG_WARN_DOCUMENTATION_COMMENTS = YES;
				CLANG_WARN_EMPTY_BODY = YES;
				CLANG_WARN_ENUM_CONVERSION = YES;
				CLANG_WARN_INFINITE_RECURSION = YES;
				CLANG_WARN_INT_CONVERSION = YES;
				CLANG_WARN_NON_LITERAL_NULL_CONVERSION = YES;
				CLANG_WARN_OBJC_IMPLICIT_RETAIN_SELF = YES;
				CLANG_WARN_OBJC_LITERAL_CONVERSION = YES;
				CLANG_WARN_OBJC_ROOT_CLASS = YES_ERROR;
				CLANG_WARN_QUOTED_INCLUDE_IN_FRAMEWORK_HEADER = YES;
				CLANG_WARN_RANGE_LOOP_ANALYSIS = YES;
				CLANG_WARN_STRICT_PROTOTYPES = YES;
				CLANG_WARN_SUSPICIOUS_MOVE = YES;
				CLANG_WARN_UNGUARDED_AVAILABILITY = YES_AGGRESSIVE;
				CLANG_WARN_UNREACHABLE_CODE = YES;
				CLANG_WARN__DUPLICATE_METHOD_MATCH = YES;
				COPY_PHASE_STRIP = NO;
				DEBUG_INFORMATION_FORMAT = dwarf;
				ENABLE_STRICT_OBJC_MSGSEND = YES;
				ENABLE_TESTABILITY = YES;
				GCC_C_LANGUAGE_STANDARD = gnu11;
				GCC_DYNAMIC_NO_PIC = NO;
				GCC_NO_COMMON_BLOCKS = YES;
				GCC_OPTIMIZATION_LEVEL = 0;
				GCC_PREPROCESSOR_DEFINITIONS = (
					"DEBUG=1",
					"$(inherited)",
				);
				GCC_WARN_64_TO_32_BIT_CONVERSION = YES;
				GCC_WARN_ABOUT_RETURN_TYPE = YES_ERROR;
				GCC_WARN_UNDECLARED_SELECTOR = YES;
				GCC_WARN_UNINITIALIZED_AUTOS = YES_AGGRESSIVE;
				GCC_WARN_UNUSED_FUNCTION = YES;
				GCC_WARN_UNUSED_VARIABLE = YES;
				IPHONEOS_DEPLOYMENT_TARGET = 14.5;
				MTL_ENABLE_DEBUG_INFO = INCLUDE_SOURCE;
				MTL_FAST_MATH = YES;
				ONLY_ACTIVE_ARCH = YES;
				SDKROOT = iphoneos;
				SWIFT_ACTIVE_COMPILATION_CONDITIONS = DEBUG;
				SWIFT_OPTIMIZATION_LEVEL = "-Onone";
			};
			name = Debug;
		};
		D0AD775E26D64B0C00B5A110 /* Release */ = {
			isa = XCBuildConfiguration;
			buildSettings = {
				ALWAYS_SEARCH_USER_PATHS = NO;
				CLANG_ANALYZER_NONNULL = YES;
				CLANG_ANALYZER_NUMBER_OBJECT_CONVERSION = YES_AGGRESSIVE;
				CLANG_CXX_LANGUAGE_STANDARD = "gnu++14";
				CLANG_CXX_LIBRARY = "libc++";
				CLANG_ENABLE_MODULES = YES;
				CLANG_ENABLE_OBJC_ARC = YES;
				CLANG_ENABLE_OBJC_WEAK = YES;
				CLANG_WARN_BLOCK_CAPTURE_AUTORELEASING = YES;
				CLANG_WARN_BOOL_CONVERSION = YES;
				CLANG_WARN_COMMA = YES;
				CLANG_WARN_CONSTANT_CONVERSION = YES;
				CLANG_WARN_DEPRECATED_OBJC_IMPLEMENTATIONS = YES;
				CLANG_WARN_DIRECT_OBJC_ISA_USAGE = YES_ERROR;
				CLANG_WARN_DOCUMENTATION_COMMENTS = YES;
				CLANG_WARN_EMPTY_BODY = YES;
				CLANG_WARN_ENUM_CONVERSION = YES;
				CLANG_WARN_INFINITE_RECURSION = YES;
				CLANG_WARN_INT_CONVERSION = YES;
				CLANG_WARN_NON_LITERAL_NULL_CONVERSION = YES;
				CLANG_WARN_OBJC_IMPLICIT_RETAIN_SELF = YES;
				CLANG_WARN_OBJC_LITERAL_CONVERSION = YES;
				CLANG_WARN_OBJC_ROOT_CLASS = YES_ERROR;
				CLANG_WARN_QUOTED_INCLUDE_IN_FRAMEWORK_HEADER = YES;
				CLANG_WARN_RANGE_LOOP_ANALYSIS = YES;
				CLANG_WARN_STRICT_PROTOTYPES = YES;
				CLANG_WARN_SUSPICIOUS_MOVE = YES;
				CLANG_WARN_UNGUARDED_AVAILABILITY = YES_AGGRESSIVE;
				CLANG_WARN_UNREACHABLE_CODE = YES;
				CLANG_WARN__DUPLICATE_METHOD_MATCH = YES;
				COPY_PHASE_STRIP = NO;
				DEBUG_INFORMATION_FORMAT = "dwarf-with-dsym";
				ENABLE_NS_ASSERTIONS = NO;
				ENABLE_STRICT_OBJC_MSGSEND = YES;
				GCC_C_LANGUAGE_STANDARD = gnu11;
				GCC_NO_COMMON_BLOCKS = YES;
				GCC_WARN_64_TO_32_BIT_CONVERSION = YES;
				GCC_WARN_ABOUT_RETURN_TYPE = YES_ERROR;
				GCC_WARN_UNDECLARED_SELECTOR = YES;
				GCC_WARN_UNINITIALIZED_AUTOS = YES_AGGRESSIVE;
				GCC_WARN_UNUSED_FUNCTION = YES;
				GCC_WARN_UNUSED_VARIABLE = YES;
				IPHONEOS_DEPLOYMENT_TARGET = 14.5;
				MTL_ENABLE_DEBUG_INFO = NO;
				MTL_FAST_MATH = YES;
				SDKROOT = iphoneos;
				SWIFT_COMPILATION_MODE = wholemodule;
				SWIFT_OPTIMIZATION_LEVEL = "-O";
				VALIDATE_PRODUCT = YES;
			};
			name = Release;
		};
		D0AD776026D64B0C00B5A110 /* Debug */ = {
			isa = XCBuildConfiguration;
			baseConfigurationReference = 3CBAD5472B23139EC0338247 /* Pods-Weather_App.debug.xcconfig */;
			buildSettings = {
				ASSETCATALOG_COMPILER_APPICON_NAME = AppIcon;
				ASSETCATALOG_COMPILER_GLOBAL_ACCENT_COLOR_NAME = AccentColor;
				CODE_SIGN_STYLE = Automatic;
				INFOPLIST_FILE = Weather_App/Info.plist;
				IPHONEOS_DEPLOYMENT_TARGET = 12.1;
				LD_RUNPATH_SEARCH_PATHS = (
					"$(inherited)",
					"@executable_path/Frameworks",
				);
				PRODUCT_BUNDLE_IDENTIFIER = "com.Weather-App.Weather-App";
				PRODUCT_NAME = "$(TARGET_NAME)";
				SWIFT_VERSION = 5.0;
				TARGETED_DEVICE_FAMILY = "1,2";
			};
			name = Debug;
		};
		D0AD776126D64B0C00B5A110 /* Release */ = {
			isa = XCBuildConfiguration;
			baseConfigurationReference = C9AACB93B9BA880C72EAFDC1 /* Pods-Weather_App.release.xcconfig */;
			buildSettings = {
				ASSETCATALOG_COMPILER_APPICON_NAME = AppIcon;
				ASSETCATALOG_COMPILER_GLOBAL_ACCENT_COLOR_NAME = AccentColor;
				CODE_SIGN_STYLE = Automatic;
				INFOPLIST_FILE = Weather_App/Info.plist;
				IPHONEOS_DEPLOYMENT_TARGET = 12.1;
				LD_RUNPATH_SEARCH_PATHS = (
					"$(inherited)",
					"@executable_path/Frameworks",
				);
				PRODUCT_BUNDLE_IDENTIFIER = "com.Weather-App.Weather-App";
				PRODUCT_NAME = "$(TARGET_NAME)";
				SWIFT_VERSION = 5.0;
				TARGETED_DEVICE_FAMILY = "1,2";
			};
			name = Release;
		};
/* End XCBuildConfiguration section */

/* Begin XCConfigurationList section */
		D0AD774626D64AF200B5A110 /* Build configuration list for PBXProject "Weather_App" */ = {
			isa = XCConfigurationList;
			buildConfigurations = (
				D0AD775D26D64B0C00B5A110 /* Debug */,
				D0AD775E26D64B0C00B5A110 /* Release */,
			);
			defaultConfigurationIsVisible = 0;
			defaultConfigurationName = Release;
		};
		D0AD775F26D64B0C00B5A110 /* Build configuration list for PBXNativeTarget "Weather_App" */ = {
			isa = XCConfigurationList;
			buildConfigurations = (
				D0AD776026D64B0C00B5A110 /* Debug */,
				D0AD776126D64B0C00B5A110 /* Release */,
			);
			defaultConfigurationIsVisible = 0;
			defaultConfigurationName = Release;
		};
/* End XCConfigurationList section */
	};
	rootObject = D0AD774326D64AF200B5A110 /* Project object */;
}
